{
  "version": 4,
  "terraform_version": "0.15.2",
  "serial": 7,
  "lineage": "34c7bfcf-967e-8930-67c2-3c63ac8da882",
  "outputs": {},
  "resources": [
    {
      "module": "module.gcs",
      "mode": "managed",
      "type": "google_storage_bucket",
      "name": "bucket",
      "provider": "module.gcs.provider[\"registry.terraform.io/hashicorp/google\"]",
      "instances": [
        {
          "schema_version": 0,
          "attributes": {
            "bucket_policy_only": false,
            "cors": [],
            "default_event_based_hold": false,
            "encryption": [],
            "force_destroy": true,
            "id": "rte-dev-common",
            "labels": {},
            "lifecycle_rule": [],
            "location": "ASIA-SOUTHEAST1",
            "logging": [],
            "name": "rte-dev-common",
            "project": "road-to-expert",
            "requester_pays": false,
            "retention_policy": [],
            "self_link": "https://www.googleapis.com/storage/v1/b/rte-dev-common",
            "storage_class": "STANDARD",
            "uniform_bucket_level_access": false,
            "url": "gs://rte-dev-common",
            "versioning": [
              {
                "enabled": true
              }
            ],
            "website": []
          },
          "sensitive_attributes": [],
          "private": "bnVsbA=="
        }
      ]
    }
  ]
}
